// !$*UTF8*$!
{
	archiveVersion = 1;
	classes = {
	};
	objectVersion = 56;
	objects = {

/* Begin PBXBuildFile section */
		071FA5372A20E8C300C7B362 /* MapViewActionButton.swift in Sources */ = {isa = PBXBuildFile; fileRef = 071FA5362A20E8C300C7B362 /* MapViewActionButton.swift */; };
		071FA5392A20EAFE00C7B362 /* LocationSearchView.swift in Sources */ = {isa = PBXBuildFile; fileRef = 071FA5382A20EAFE00C7B362 /* LocationSearchView.swift */; };
		071FA53B2A20ED2500C7B362 /* LocationSearchResultCell.swift in Sources */ = {isa = PBXBuildFile; fileRef = 071FA53A2A20ED2500C7B362 /* LocationSearchResultCell.swift */; };
		07C8E40A2A290E3F0078ECFA /* LocationSearchViewModel.swift in Sources */ = {isa = PBXBuildFile; fileRef = 07C8E4092A290E3F0078ECFA /* LocationSearchViewModel.swift */; };
		07C8E40C2A2932650078ECFA /* MapViewState.swift in Sources */ = {isa = PBXBuildFile; fileRef = 07C8E40B2A2932650078ECFA /* MapViewState.swift */; };
		07F5ADDB2A1C932400C62BA5 /* UberSwiftUIApp.swift in Sources */ = {isa = PBXBuildFile; fileRef = 07F5ADDA2A1C932400C62BA5 /* UberSwiftUIApp.swift */; };
		07F5ADDD2A1C932400C62BA5 /* HomeView.swift in Sources */ = {isa = PBXBuildFile; fileRef = 07F5ADDC2A1C932400C62BA5 /* HomeView.swift */; };
		07F5ADDF2A1C932500C62BA5 /* Assets.xcassets in Resources */ = {isa = PBXBuildFile; fileRef = 07F5ADDE2A1C932500C62BA5 /* Assets.xcassets */; };
		07F5ADE22A1C932500C62BA5 /* Preview Assets.xcassets in Resources */ = {isa = PBXBuildFile; fileRef = 07F5ADE12A1C932500C62BA5 /* Preview Assets.xcassets */; };
		07F5ADF02A1CB5BC00C62BA5 /* UberMapViewRepresentable.swift in Sources */ = {isa = PBXBuildFile; fileRef = 07F5ADEF2A1CB5BC00C62BA5 /* UberMapViewRepresentable.swift */; };
		07F5ADF22A1CB8D800C62BA5 /* LocationManager.swift in Sources */ = {isa = PBXBuildFile; fileRef = 07F5ADF12A1CB8D800C62BA5 /* LocationManager.swift */; };
		07F5ADF82A1CC8E900C62BA5 /* LocationSearchActivationView.swift in Sources */ = {isa = PBXBuildFile; fileRef = 07F5ADF72A1CC8E900C62BA5 /* LocationSearchActivationView.swift */; };
/* End PBXBuildFile section */

/* Begin PBXFileReference section */
		071FA5362A20E8C300C7B362 /* MapViewActionButton.swift */ = {isa = PBXFileReference; lastKnownFileType = sourcecode.swift; path = MapViewActionButton.swift; sourceTree = "<group>"; };
		071FA5382A20EAFE00C7B362 /* LocationSearchView.swift */ = {isa = PBXFileReference; lastKnownFileType = sourcecode.swift; path = LocationSearchView.swift; sourceTree = "<group>"; };
		071FA53A2A20ED2500C7B362 /* LocationSearchResultCell.swift */ = {isa = PBXFileReference; lastKnownFileType = sourcecode.swift; path = LocationSearchResultCell.swift; sourceTree = "<group>"; };
		07C8E4092A290E3F0078ECFA /* LocationSearchViewModel.swift */ = {isa = PBXFileReference; lastKnownFileType = sourcecode.swift; path = LocationSearchViewModel.swift; sourceTree = "<group>"; };
		07C8E40B2A2932650078ECFA /* MapViewState.swift */ = {isa = PBXFileReference; lastKnownFileType = sourcecode.swift; path = MapViewState.swift; sourceTree = "<group>"; };
		07F5ADD72A1C932400C62BA5 /* UberSwiftUI.app */ = {isa = PBXFileReference; explicitFileType = wrapper.application; includeInIndex = 0; path = UberSwiftUI.app; sourceTree = BUILT_PRODUCTS_DIR; };
		07F5ADDA2A1C932400C62BA5 /* UberSwiftUIApp.swift */ = {isa = PBXFileReference; lastKnownFileType = sourcecode.swift; path = UberSwiftUIApp.swift; sourceTree = "<group>"; };
		07F5ADDC2A1C932400C62BA5 /* HomeView.swift */ = {isa = PBXFileReference; lastKnownFileType = sourcecode.swift; path = HomeView.swift; sourceTree = "<group>"; };
		07F5ADDE2A1C932500C62BA5 /* Assets.xcassets */ = {isa = PBXFileReference; lastKnownFileType = folder.assetcatalog; path = Assets.xcassets; sourceTree = "<group>"; };
		07F5ADE12A1C932500C62BA5 /* Preview Assets.xcassets */ = {isa = PBXFileReference; lastKnownFileType = folder.assetcatalog; path = "Preview Assets.xcassets"; sourceTree = "<group>"; };
		07F5ADEF2A1CB5BC00C62BA5 /* UberMapViewRepresentable.swift */ = {isa = PBXFileReference; lastKnownFileType = sourcecode.swift; path = UberMapViewRepresentable.swift; sourceTree = "<group>"; };
		07F5ADF12A1CB8D800C62BA5 /* LocationManager.swift */ = {isa = PBXFileReference; lastKnownFileType = sourcecode.swift; path = LocationManager.swift; sourceTree = "<group>"; };
		07F5ADF72A1CC8E900C62BA5 /* LocationSearchActivationView.swift */ = {isa = PBXFileReference; lastKnownFileType = sourcecode.swift; path = LocationSearchActivationView.swift; sourceTree = "<group>"; };
/* End PBXFileReference section */

/* Begin PBXFrameworksBuildPhase section */
		07F5ADD42A1C932400C62BA5 /* Frameworks */ = {
			isa = PBXFrameworksBuildPhase;
			buildActionMask = 2147483647;
			files = (
			);
			runOnlyForDeploymentPostprocessing = 0;
		};
/* End PBXFrameworksBuildPhase section */

/* Begin PBXGroup section */
		07F5ADCE2A1C932300C62BA5 = {
			isa = PBXGroup;
			children = (
				07F5ADD92A1C932400C62BA5 /* UberSwiftUI */,
				07F5ADD82A1C932400C62BA5 /* Products */,
			);
			sourceTree = "<group>";
		};
		07F5ADD82A1C932400C62BA5 /* Products */ = {
			isa = PBXGroup;
			children = (
				07F5ADD72A1C932400C62BA5 /* UberSwiftUI.app */,
			);
			name = Products;
			sourceTree = "<group>";
		};
		07F5ADD92A1C932400C62BA5 /* UberSwiftUI */ = {
			isa = PBXGroup;
			children = (
				07F5ADE82A1CB49D00C62BA5 /* App */,
				07F5ADE92A1CB4A300C62BA5 /* Core */,
				07F5ADEC2A1CB4C900C62BA5 /* Extensions */,
				07F5ADED2A1CB4D000C62BA5 /* Managers */,
				07F5ADEE2A1CB4ED00C62BA5 /* Models */,
				07F5ADDE2A1C932500C62BA5 /* Assets.xcassets */,
				07F5ADE02A1C932500C62BA5 /* Preview Content */,
			);
			path = UberSwiftUI;
			sourceTree = "<group>";
		};
		07F5ADE02A1C932500C62BA5 /* Preview Content */ = {
			isa = PBXGroup;
			children = (
				07F5ADE12A1C932500C62BA5 /* Preview Assets.xcassets */,
			);
			path = "Preview Content";
			sourceTree = "<group>";
		};
		07F5ADE82A1CB49D00C62BA5 /* App */ = {
			isa = PBXGroup;
			children = (
				07F5ADDA2A1C932400C62BA5 /* UberSwiftUIApp.swift */,
			);
			path = App;
			sourceTree = "<group>";
		};
		07F5ADE92A1CB4A300C62BA5 /* Core */ = {
			isa = PBXGroup;
			children = (
				07F5ADF42A1CC88F00C62BA5 /* LocationSearch */,
				07F5ADF32A1CC87700C62BA5 /* Home */,
			);
			path = Core;
			sourceTree = "<group>";
		};
		07F5ADEA2A1CB4A900C62BA5 /* Views */ = {
			isa = PBXGroup;
			children = (
				07F5ADDC2A1C932400C62BA5 /* HomeView.swift */,
				07F5ADEF2A1CB5BC00C62BA5 /* UberMapViewRepresentable.swift */,
				071FA5362A20E8C300C7B362 /* MapViewActionButton.swift */,
			);
			path = Views;
			sourceTree = "<group>";
		};
		07F5ADEB2A1CB4B900C62BA5 /* ViewModel */ = {
			isa = PBXGroup;
			children = (
			);
			path = ViewModel;
			sourceTree = "<group>";
		};
		07F5ADEC2A1CB4C900C62BA5 /* Extensions */ = {
			isa = PBXGroup;
			children = (
			);
			path = Extensions;
			sourceTree = "<group>";
		};
		07F5ADED2A1CB4D000C62BA5 /* Managers */ = {
			isa = PBXGroup;
			children = (
				07F5ADF12A1CB8D800C62BA5 /* LocationManager.swift */,
			);
			path = Managers;
			sourceTree = "<group>";
		};
		07F5ADEE2A1CB4ED00C62BA5 /* Models */ = {
			isa = PBXGroup;
			children = (
				07C8E40B2A2932650078ECFA /* MapViewState.swift */,
			);
			path = Models;
			sourceTree = "<group>";
		};
		07F5ADF32A1CC87700C62BA5 /* Home */ = {
			isa = PBXGroup;
			children = (
				07F5ADEB2A1CB4B900C62BA5 /* ViewModel */,
				07F5ADEA2A1CB4A900C62BA5 /* Views */,
			);
			path = Home;
			sourceTree = "<group>";
		};
		07F5ADF42A1CC88F00C62BA5 /* LocationSearch */ = {
			isa = PBXGroup;
			children = (
				07F5ADF62A1CC8AF00C62BA5 /* ViewModel */,
				07F5ADF52A1CC8A900C62BA5 /* Views */,
			);
			path = LocationSearch;
			sourceTree = "<group>";
		};
		07F5ADF52A1CC8A900C62BA5 /* Views */ = {
			isa = PBXGroup;
			children = (
				07F5ADF72A1CC8E900C62BA5 /* LocationSearchActivationView.swift */,
				071FA5382A20EAFE00C7B362 /* LocationSearchView.swift */,
				071FA53A2A20ED2500C7B362 /* LocationSearchResultCell.swift */,
			);
			path = Views;
			sourceTree = "<group>";
		};
		07F5ADF62A1CC8AF00C62BA5 /* ViewModel */ = {
			isa = PBXGroup;
			children = (
				07C8E4092A290E3F0078ECFA /* LocationSearchViewModel.swift */,
			);
			path = ViewModel;
			sourceTree = "<group>";
		};
/* End PBXGroup section */

/* Begin PBXNativeTarget section */
		07F5ADD62A1C932400C62BA5 /* UberSwiftUI */ = {
			isa = PBXNativeTarget;
			buildConfigurationList = 07F5ADE52A1C932500C62BA5 /* Build configuration list for PBXNativeTarget "UberSwiftUI" */;
			buildPhases = (
				07F5ADD32A1C932400C62BA5 /* Sources */,
				07F5ADD42A1C932400C62BA5 /* Frameworks */,
				07F5ADD52A1C932400C62BA5 /* Resources */,
			);
			buildRules = (
			);
			dependencies = (
			);
			name = UberSwiftUI;
			productName = UberSwiftUI;
			productReference = 07F5ADD72A1C932400C62BA5 /* UberSwiftUI.app */;
			productType = "com.apple.product-type.application";
		};
/* End PBXNativeTarget section */

/* Begin PBXProject section */
		07F5ADCF2A1C932300C62BA5 /* Project object */ = {
			isa = PBXProject;
			attributes = {
				BuildIndependentTargetsInParallel = 1;
				LastSwiftUpdateCheck = 1420;
				LastUpgradeCheck = 1420;
				TargetAttributes = {
					07F5ADD62A1C932400C62BA5 = {
						CreatedOnToolsVersion = 14.2;
					};
				};
			};
			buildConfigurationList = 07F5ADD22A1C932300C62BA5 /* Build configuration list for PBXProject "UberSwiftUI" */;
			compatibilityVersion = "Xcode 14.0";
			developmentRegion = en;
			hasScannedForEncodings = 0;
			knownRegions = (
				en,
				Base,
			);
			mainGroup = 07F5ADCE2A1C932300C62BA5;
			productRefGroup = 07F5ADD82A1C932400C62BA5 /* Products */;
			projectDirPath = "";
			projectRoot = "";
			targets = (
				07F5ADD62A1C932400C62BA5 /* UberSwiftUI */,
			);
		};
/* End PBXProject section */

/* Begin PBXResourcesBuildPhase section */
		07F5ADD52A1C932400C62BA5 /* Resources */ = {
			isa = PBXResourcesBuildPhase;
			buildActionMask = 2147483647;
			files = (
				07F5ADE22A1C932500C62BA5 /* Preview Assets.xcassets in Resources */,
				07F5ADDF2A1C932500C62BA5 /* Assets.xcassets in Resources */,
			);
			runOnlyForDeploymentPostprocessing = 0;
		};
/* End PBXResourcesBuildPhase section */

/* Begin PBXSourcesBuildPhase section */
		07F5ADD32A1C932400C62BA5 /* Sources */ = {
			isa = PBXSourcesBuildPhase;
			buildActionMask = 2147483647;
			files = (
				07C8E40A2A290E3F0078ECFA /* LocationSearchViewModel.swift in Sources */,
				071FA5392A20EAFE00C7B362 /* LocationSearchView.swift in Sources */,
				07F5ADF22A1CB8D800C62BA5 /* LocationManager.swift in Sources */,
				07C8E40C2A2932650078ECFA /* MapViewState.swift in Sources */,
				071FA5372A20E8C300C7B362 /* MapViewActionButton.swift in Sources */,
				07F5ADDD2A1C932400C62BA5 /* HomeView.swift in Sources */,
				07F5ADF02A1CB5BC00C62BA5 /* UberMapViewRepresentable.swift in Sources */,
				07F5ADDB2A1C932400C62BA5 /* UberSwiftUIApp.swift in Sources */,
				07F5ADF82A1CC8E900C62BA5 /* LocationSearchActivationView.swift in Sources */,
				071FA53B2A20ED2500C7B362 /* LocationSearchResultCell.swift in Sources */,
			);
			runOnlyForDeploymentPostprocessing = 0;
		};
/* End PBXSourcesBuildPhase section */

/* Begin XCBuildConfiguration section */
		07F5ADE32A1C932500C62BA5 /* Debug */ = {
			isa = XCBuildConfiguration;
			buildSettings = {
				ALWAYS_SEARCH_USER_PATHS = NO;
				CLANG_ANALYZER_NONNULL = YES;
				CLANG_ANALYZER_NUMBER_OBJECT_CONVERSION = YES_AGGRESSIVE;
				CLANG_CXX_LANGUAGE_STANDARD = "gnu++20";
				CLANG_ENABLE_MODULES = YES;
				CLANG_ENABLE_OBJC_ARC = YES;
				CLANG_ENABLE_OBJC_WEAK = YES;
				CLANG_WARN_BLOCK_CAPTURE_AUTORELEASING = YES;
				CLANG_WARN_BOOL_CONVERSION = YES;
				CLANG_WARN_COMMA = YES;
				CLANG_WARN_CONSTANT_CONVERSION = YES;
				CLANG_WARN_DEPRECATED_OBJC_IMPLEMENTATIONS = YES;
				CLANG_WARN_DIRECT_OBJC_ISA_USAGE = YES_ERROR;
				CLANG_WARN_DOCUMENTATION_COMMENTS = YES;
				CLANG_WARN_EMPTY_BODY = YES;
				CLANG_WARN_ENUM_CONVERSION = YES;
				CLANG_WARN_INFINITE_RECURSION = YES;
				CLANG_WARN_INT_CONVERSION = YES;
				CLANG_WARN_NON_LITERAL_NULL_CONVERSION = YES;
				CLANG_WARN_OBJC_IMPLICIT_RETAIN_SELF = YES;
				CLANG_WARN_OBJC_LITERAL_CONVERSION = YES;
				CLANG_WARN_OBJC_ROOT_CLASS = YES_ERROR;
				CLANG_WARN_QUOTED_INCLUDE_IN_FRAMEWORK_HEADER = YES;
				CLANG_WARN_RANGE_LOOP_ANALYSIS = YES;
				CLANG_WARN_STRICT_PROTOTYPES = YES;
				CLANG_WARN_SUSPICIOUS_MOVE = YES;
				CLANG_WARN_UNGUARDED_AVAILABILITY = YES_AGGRESSIVE;
				CLANG_WARN_UNREACHABLE_CODE = YES;
				CLANG_WARN__DUPLICATE_METHOD_MATCH = YES;
				COPY_PHASE_STRIP = NO;
				DEBUG_INFORMATION_FORMAT = dwarf;
				ENABLE_STRICT_OBJC_MSGSEND = YES;
				ENABLE_TESTABILITY = YES;
				EXCLUDED_ARCHS = "";
				GCC_C_LANGUAGE_STANDARD = gnu11;
				GCC_DYNAMIC_NO_PIC = NO;
				GCC_NO_COMMON_BLOCKS = YES;
				GCC_OPTIMIZATION_LEVEL = 0;
				GCC_PREPROCESSOR_DEFINITIONS = (
					"DEBUG=1",
					"$(inherited)",
				);
				GCC_WARN_64_TO_32_BIT_CONVERSION = YES;
				GCC_WARN_ABOUT_RETURN_TYPE = YES_ERROR;
				GCC_WARN_UNDECLARED_SELECTOR = YES;
				GCC_WARN_UNINITIALIZED_AUTOS = YES_AGGRESSIVE;
				GCC_WARN_UNUSED_FUNCTION = YES;
				GCC_WARN_UNUSED_VARIABLE = YES;
				IPHONEOS_DEPLOYMENT_TARGET = 16.2;
				MTL_ENABLE_DEBUG_INFO = INCLUDE_SOURCE;
				MTL_FAST_MATH = YES;
				ONLY_ACTIVE_ARCH = YES;
				SDKROOT = iphoneos;
				SWIFT_ACTIVE_COMPILATION_CONDITIONS = DEBUG;
				SWIFT_OPTIMIZATION_LEVEL = "-Onone";
			};
			name = Debug;
		};
		07F5ADE42A1C932500C62BA5 /* Release */ = {
			isa = XCBuildConfiguration;
			buildSettings = {
				ALWAYS_SEARCH_USER_PATHS = NO;
				CLANG_ANALYZER_NONNULL = YES;
				CLANG_ANALYZER_NUMBER_OBJECT_CONVERSION = YES_AGGRESSIVE;
				CLANG_CXX_LANGUAGE_STANDARD = "gnu++20";
				CLANG_ENABLE_MODULES = YES;
				CLANG_ENABLE_OBJC_ARC = YES;
				CLANG_ENABLE_OBJC_WEAK = YES;
				CLANG_WARN_BLOCK_CAPTURE_AUTORELEASING = YES;
				CLANG_WARN_BOOL_CONVERSION = YES;
				CLANG_WARN_COMMA = YES;
				CLANG_WARN_CONSTANT_CONVERSION = YES;
				CLANG_WARN_DEPRECATED_OBJC_IMPLEMENTATIONS = YES;
				CLANG_WARN_DIRECT_OBJC_ISA_USAGE = YES_ERROR;
				CLANG_WARN_DOCUMENTATION_COMMENTS = YES;
				CLANG_WARN_EMPTY_BODY = YES;
				CLANG_WARN_ENUM_CONVERSION = YES;
				CLANG_WARN_INFINITE_RECURSION = YES;
				CLANG_WARN_INT_CONVERSION = YES;
				CLANG_WARN_NON_LITERAL_NULL_CONVERSION = YES;
				CLANG_WARN_OBJC_IMPLICIT_RETAIN_SELF = YES;
				CLANG_WARN_OBJC_LITERAL_CONVERSION = YES;
				CLANG_WARN_OBJC_ROOT_CLASS = YES_ERROR;
				CLANG_WARN_QUOTED_INCLUDE_IN_FRAMEWORK_HEADER = YES;
				CLANG_WARN_RANGE_LOOP_ANALYSIS = YES;
				CLANG_WARN_STRICT_PROTOTYPES = YES;
				CLANG_WARN_SUSPICIOUS_MOVE = YES;
				CLANG_WARN_UNGUARDED_AVAILABILITY = YES_AGGRESSIVE;
				CLANG_WARN_UNREACHABLE_CODE = YES;
				CLANG_WARN__DUPLICATE_METHOD_MATCH = YES;
				COPY_PHASE_STRIP = NO;
				DEBUG_INFORMATION_FORMAT = "dwarf-with-dsym";
				ENABLE_NS_ASSERTIONS = NO;
				ENABLE_STRICT_OBJC_MSGSEND = YES;
				EXCLUDED_ARCHS = "";
				GCC_C_LANGUAGE_STANDARD = gnu11;
				GCC_NO_COMMON_BLOCKS = YES;
				GCC_WARN_64_TO_32_BIT_CONVERSION = YES;
				GCC_WARN_ABOUT_RETURN_TYPE = YES_ERROR;
				GCC_WARN_UNDECLARED_SELECTOR = YES;
				GCC_WARN_UNINITIALIZED_AUTOS = YES_AGGRESSIVE;
				GCC_WARN_UNUSED_FUNCTION = YES;
				GCC_WARN_UNUSED_VARIABLE = YES;
				IPHONEOS_DEPLOYMENT_TARGET = 16.2;
				MTL_ENABLE_DEBUG_INFO = NO;
				MTL_FAST_MATH = YES;
				SDKROOT = iphoneos;
				SWIFT_COMPILATION_MODE = wholemodule;
				SWIFT_OPTIMIZATION_LEVEL = "-O";
				VALIDATE_PRODUCT = YES;
			};
			name = Release;
		};
		07F5ADE62A1C932500C62BA5 /* Debug */ = {
			isa = XCBuildConfiguration;
			buildSettings = {
				ASSETCATALOG_COMPILER_APPICON_NAME = AppIcon;
				ASSETCATALOG_COMPILER_GLOBAL_ACCENT_COLOR_NAME = AccentColor;
				CODE_SIGN_STYLE = Automatic;
				CURRENT_PROJECT_VERSION = 1;
				DEVELOPMENT_ASSET_PATHS = "\"UberSwiftUI/Preview Content\"";
				DEVELOPMENT_TEAM = 7V2ZG69KPK;
				ENABLE_PREVIEWS = YES;
				EXCLUDED_ARCHS = "";
				GENERATE_INFOPLIST_FILE = YES;
				INFOPLIST_KEY_NSLocationAlwaysAndWhenInUseUsageDescription = "Please allow us to access your location to find you nearby drivers and rides";
				INFOPLIST_KEY_NSLocationWhenInUseUsageDescription = "Please allow us to access your location to find you nearby drivers and rides";
				INFOPLIST_KEY_UIApplicationSceneManifest_Generation = YES;
				INFOPLIST_KEY_UIApplicationSupportsIndirectInputEvents = YES;
				INFOPLIST_KEY_UILaunchScreen_Generation = YES;
				INFOPLIST_KEY_UISupportedInterfaceOrientations_iPad = "UIInterfaceOrientationPortrait UIInterfaceOrientationPortraitUpsideDown UIInterfaceOrientationLandscapeLeft UIInterfaceOrientationLandscapeRight";
				INFOPLIST_KEY_UISupportedInterfaceOrientations_iPhone = "UIInterfaceOrientationPortrait UIInterfaceOrientationLandscapeLeft UIInterfaceOrientationLandscapeRight";
				LD_RUNPATH_SEARCH_PATHS = (
					"$(inherited)",
					"@executable_path/Frameworks",
				);
				MARKETING_VERSION = 1.0;
				PRODUCT_BUNDLE_IDENTIFIER = com.jade.UberSwiftUI;
				PRODUCT_NAME = "$(TARGET_NAME)";
				SWIFT_EMIT_LOC_STRINGS = YES;
				SWIFT_VERSION = 5.0;
				TARGETED_DEVICE_FAMILY = "1,2";
			};
			name = Debug;
		};
		07F5ADE72A1C932500C62BA5 /* Release */ = {
			isa = XCBuildConfiguration;
			buildSettings = {
				ASSETCATALOG_COMPILER_APPICON_NAME = AppIcon;
				ASSETCATALOG_COMPILER_GLOBAL_ACCENT_COLOR_NAME = AccentColor;
				CODE_SIGN_STYLE = Automatic;
				CURRENT_PROJECT_VERSION = 1;
				DEVELOPMENT_ASSET_PATHS = "\"UberSwiftUI/Preview Content\"";
				DEVELOPMENT_TEAM = 7V2ZG69KPK;
				ENABLE_PREVIEWS = YES;
				EXCLUDED_ARCHS = "";
				GENERATE_INFOPLIST_FILE = YES;
				INFOPLIST_KEY_NSLocationAlwaysAndWhenInUseUsageDescription = "Please allow us to access your location to find you nearby drivers and rides";
				INFOPLIST_KEY_NSLocationWhenInUseUsageDescription = "Please allow us to access your location to find you nearby drivers and rides";
				INFOPLIST_KEY_UIApplicationSceneManifest_Generation = YES;
				INFOPLIST_KEY_UIApplicationSupportsIndirectInputEvents = YES;
				INFOPLIST_KEY_UILaunchScreen_Generation = YES;
				INFOPLIST_KEY_UISupportedInterfaceOrientations_iPad = "UIInterfaceOrientationPortrait UIInterfaceOrientationPortraitUpsideDown UIInterfaceOrientationLandscapeLeft UIInterfaceOrientationLandscapeRight";
				INFOPLIST_KEY_UISupportedInterfaceOrientations_iPhone = "UIInterfaceOrientationPortrait UIInterfaceOrientationLandscapeLeft UIInterfaceOrientationLandscapeRight";
				LD_RUNPATH_SEARCH_PATHS = (
					"$(inherited)",
					"@executable_path/Frameworks",
				);
				MARKETING_VERSION = 1.0;
				PRODUCT_BUNDLE_IDENTIFIER = com.jade.UberSwiftUI;
				PRODUCT_NAME = "$(TARGET_NAME)";
				SWIFT_EMIT_LOC_STRINGS = YES;
				SWIFT_VERSION = 5.0;
				TARGETED_DEVICE_FAMILY = "1,2";
			};
			name = Release;
		};
/* End XCBuildConfiguration section */

/* Begin XCConfigurationList section */
		07F5ADD22A1C932300C62BA5 /* Build configuration list for PBXProject "UberSwiftUI" */ = {
			isa = XCConfigurationList;
			buildConfigurations = (
				07F5ADE32A1C932500C62BA5 /* Debug */,
				07F5ADE42A1C932500C62BA5 /* Release */,
			);
			defaultConfigurationIsVisible = 0;
			defaultConfigurationName = Release;
		};
		07F5ADE52A1C932500C62BA5 /* Build configuration list for PBXNativeTarget "UberSwiftUI" */ = {
			isa = XCConfigurationList;
			buildConfigurations = (
				07F5ADE62A1C932500C62BA5 /* Debug */,
				07F5ADE72A1C932500C62BA5 /* Release */,
			);
			defaultConfigurationIsVisible = 0;
			defaultConfigurationName = Release;
		};
/* End XCConfigurationList section */
	};
	rootObject = 07F5ADCF2A1C932300C62BA5 /* Project object */;
}
